
Microsoft Visual Studio Solution File, Format Version 12.00
# Visual Studio Version 17
VisualStudioVersion = 17.14.36804.6 d17.14
MinimumVisualStudioVersion = 10.0.40219.1
Project("{FAE04EC0-301F-11D3-BF4B-00C04F79EFBC}") = "Chiko.WirelessControl.App", "Chiko.WirelessControl.App\Chiko.WirelessControl.App.csproj", "{77A43B0F-0311-4D4D-A5DE-DC2F387C4FC3}"
	ProjectSection(ProjectDependencies) = postProject
		{7CBBF476-1141-4AB8-95A3-F1978051646B} = {7CBBF476-1141-4AB8-95A3-F1978051646B}
		{816A9FD1-3218-4321-BEB8-AFA8D6FA316B} = {816A9FD1-3218-4321-BEB8-AFA8D6FA316B}
		{A1DAE9D2-F1E9-44E4-ABB9-205757F3C9E2} = {A1DAE9D2-F1E9-44E4-ABB9-205757F3C9E2}
		{BA829B07-06D7-484F-98C9-F1A6C560782F} = {BA829B07-06D7-484F-98C9-F1A6C560782F}
		{F37AD014-C625-4EEF-9E2E-9F04F716D645} = {F37AD014-C625-4EEF-9E2E-9F04F716D645}
	EndProjectSection
EndProject
Project("{2150E333-8FDC-42A3-9474-1A3956D46DE8}") = "src", "src", "{DDB4EF12-CC4E-5E88-E6FC-71A802F4DE97}"
EndProject
Project("{FAE04EC0-301F-11D3-BF4B-00C04F79EFBC}") = "Chiko.WirelessControl.Core", "Chiko.WirelessControl.Core\Chiko.WirelessControl.Core.csproj", "{A1DAE9D2-F1E9-44E4-ABB9-205757F3C9E2}"
	ProjectSection(ProjectDependencies) = postProject
		{816A9FD1-3218-4321-BEB8-AFA8D6FA316B} = {816A9FD1-3218-4321-BEB8-AFA8D6FA316B}
	EndProjectSection
EndProject
Project("{FAE04EC0-301F-11D3-BF4B-00C04F79EFBC}") = "Chiko.WirelessControl.Protocol", "Chiko.WirelessControl.Protocol\Chiko.WirelessControl.Protocol.csproj", "{816A9FD1-3218-4321-BEB8-AFA8D6FA316B}"
EndProject
Project("{FAE04EC0-301F-11D3-BF4B-00C04F79EFBC}") = "Chiko.WirelessControl.Transports.Ble", "Chiko.WirelessControl.Transports.Ble\Chiko.WirelessControl.Transports.Ble.csproj", "{7CBBF476-1141-4AB8-95A3-F1978051646B}"
EndProject
Project("{FAE04EC0-301F-11D3-BF4B-00C04F79EFBC}") = "Chiko.WirelessControl.Transports.Classic", "Chiko.WirelessControl.Transports.Classic\Chiko.WirelessControl.Transports.Classic.csproj", "{F37AD014-C625-4EEF-9E2E-9F04F716D645}"
EndProject
Project("{FAE04EC0-301F-11D3-BF4B-00C04F79EFBC}") = "Chiko.WirelessControl.Transports.Wifi", "Chiko.WirelessControl.Transports.Wifi\Chiko.WirelessControl.Transports.Wifi.csproj", "{BA829B07-06D7-484F-98C9-F1A6C560782F}"
EndProject
Project("{2150E333-8FDC-42A3-9474-1A3956D46DE8}") = "tests", "tests", "{60147C89-6AEB-4013-A8D8-EB1CD28B5926}"
EndProject
Global
	GlobalSection(SolutionConfigurationPlatforms) = preSolution
		Debug|Any CPU = Debug|Any CPU
		Release|Any CPU = Release|Any CPU
	EndGlobalSection
	GlobalSection(ProjectConfigurationPlatforms) = postSolution
		{77A43B0F-0311-4D4D-A5DE-DC2F387C4FC3}.Debug|Any CPU.ActiveCfg = Debug|Any CPU
		{77A43B0F-0311-4D4D-A5DE-DC2F387C4FC3}.Debug|Any CPU.Build.0 = Debug|Any CPU
		{77A43B0F-0311-4D4D-A5DE-DC2F387C4FC3}.Debug|Any CPU.Deploy.0 = Debug|Any CPU
		{77A43B0F-0311-4D4D-A5DE-DC2F387C4FC3}.Release|Any CPU.ActiveCfg = Release|Any CPU
		{77A43B0F-0311-4D4D-A5DE-DC2F387C4FC3}.Release|Any CPU.Build.0 = Release|Any CPU
		{A1DAE9D2-F1E9-44E4-ABB9-205757F3C9E2}.Debug|Any CPU.ActiveCfg = Debug|Any CPU
		{A1DAE9D2-F1E9-44E4-ABB9-205757F3C9E2}.Debug|Any CPU.Build.0 = Debug|Any CPU
		{A1DAE9D2-F1E9-44E4-ABB9-205757F3C9E2}.Release|Any CPU.ActiveCfg = Release|Any CPU
		{A1DAE9D2-F1E9-44E4-ABB9-205757F3C9E2}.Release|Any CPU.Build.0 = Release|Any CPU
		{816A9FD1-3218-4321-BEB8-AFA8D6FA316B}.Debug|Any CPU.ActiveCfg = Debug|Any CPU
		{816A9FD1-3218-4321-BEB8-AFA8D6FA316B}.Debug|Any CPU.Build.0 = Debug|Any CPU
		{816A9FD1-3218-4321-BEB8-AFA8D6FA316B}.Release|Any CPU.ActiveCfg = Release|Any CPU
		{816A9FD1-3218-4321-BEB8-AFA8D6FA316B}.Release|Any CPU.Build.0 = Release|Any CPU
		{7CBBF476-1141-4AB8-95A3-F1978051646B}.Debug|Any CPU.ActiveCfg = Debug|Any CPU
		{7CBBF476-1141-4AB8-95A3-F1978051646B}.Debug|Any CPU.Build.0 = Debug|Any CPU
		{7CBBF476-1141-4AB8-95A3-F1978051646B}.Release|Any CPU.ActiveCfg = Release|Any CPU
		{7CBBF476-1141-4AB8-95A3-F1978051646B}.Release|Any CPU.Build.0 = Release|Any CPU
		{F37AD014-C625-4EEF-9E2E-9F04F716D645}.Debug|Any CPU.ActiveCfg = Debug|Any CPU
		{F37AD014-C625-4EEF-9E2E-9F04F716D645}.Debug|Any CPU.Build.0 = Debug|Any CPU
		{F37AD014-C625-4EEF-9E2E-9F04F716D645}.Release|Any CPU.ActiveCfg = Release|Any CPU
		{F37AD014-C625-4EEF-9E2E-9F04F716D645}.Release|Any CPU.Build.0 = Release|Any CPU
		{BA829B07-06D7-484F-98C9-F1A6C560782F}.Debug|Any CPU.ActiveCfg = Debug|Any CPU
		{BA829B07-06D7-484F-98C9-F1A6C560782F}.Debug|Any CPU.Build.0 = Debug|Any CPU
		{BA829B07-06D7-484F-98C9-F1A6C560782F}.Release|Any CPU.ActiveCfg = Release|Any CPU
		{BA829B07-06D7-484F-98C9-F1A6C560782F}.Release|Any CPU.Build.0 = Release|Any CPU
	EndGlobalSection
	GlobalSection(SolutionProperties) = preSolution
		HideSolutionNode = FALSE
	EndGlobalSection
	GlobalSection(NestedProjects) = preSolution
		{A1DAE9D2-F1E9-44E4-ABB9-205757F3C9E2} = {DDB4EF12-CC4E-5E88-E6FC-71A802F4DE97}
		{816A9FD1-3218-4321-BEB8-AFA8D6FA316B} = {DDB4EF12-CC4E-5E88-E6FC-71A802F4DE97}
		{7CBBF476-1141-4AB8-95A3-F1978051646B} = {DDB4EF12-CC4E-5E88-E6FC-71A802F4DE97}
		{F37AD014-C625-4EEF-9E2E-9F04F716D645} = {DDB4EF12-CC4E-5E88-E6FC-71A802F4DE97}
		{BA829B07-06D7-484F-98C9-F1A6C560782F} = {DDB4EF12-CC4E-5E88-E6FC-71A802F4DE97}
	EndGlobalSection
	GlobalSection(ExtensibilityGlobals) = postSolution
		SolutionGuid = {F7DAC05C-D513-4F62-852D-E4EA161A495E}
	EndGlobalSection
EndGlobal
